
Microsoft Visual Studio Solution File, Format Version 12.00
# Visual Studio Version 16
VisualStudioVersion = 16.0.31321.278
MinimumVisualStudioVersion = 10.0.40219.1
Project("{FAE04EC0-301F-11D3-BF4B-00C04F79EFBC}") = "readable", "readable.csproj", "{42673A4C-6ABD-4EE7-9405-C5DCC100A850}"
EndProject
Global
	GlobalSection(SolutionConfigurationPlatforms) = preSolution
		Debug|Any CPU = Debug|Any CPU
		Release|Any CPU = Release|Any CPU
	EndGlobalSection
	GlobalSection(ProjectConfigurationPlatforms) = postSolution
		{42673A4C-6ABD-4EE7-9405-C5DCC100A850}.Debug|Any CPU.ActiveCfg = Debug|Any CPU
		{42673A4C-6ABD-4EE7-9405-C5DCC100A850}.Debug|Any CPU.Build.0 = Debug|Any CPU
		{42673A4C-6ABD-4EE7-9405-C5DCC100A850}.Release|Any CPU.ActiveCfg = Release|Any CPU
		{42673A4C-6ABD-4EE7-9405-C5DCC100A850}.Release|Any CPU.Build.0 = Release|Any CPU
	EndGlobalSection
	GlobalSection(SolutionProperties) = preSolution
		HideSolutionNode = FALSE
	EndGlobalSection
	GlobalSection(ExtensibilityGlobals) = postSolution
		SolutionGuid = {CD25B416-BE6A-4419-8426-12DDC9E12F8B}
	EndGlobalSection
EndGlobal
